
Microsoft Visual Studio Solution File, Format Version 12.00
# Visual Studio Version 17
VisualStudioVersion = 17.5.33502.453
MinimumVisualStudioVersion = 10.0.40219.1
Project("{FAE04EC0-301F-11D3-BF4B-00C04F79EFBC}") = "ConsoleApp1", "ConsoleApp1.csproj", "{6A6DC25F-EA0C-4C5F-A729-F33EA7F225CD}"
EndProject
Global
	GlobalSection(SolutionConfigurationPlatforms) = preSolution
		Debug|Any CPU = Debug|Any CPU
		Release|Any CPU = Release|Any CPU
	EndGlobalSection
	GlobalSection(ProjectConfigurationPlatforms) = postSolution
		{6A6DC25F-EA0C-4C5F-A729-F33EA7F225CD}.Debug|Any CPU.ActiveCfg = Debug|Any CPU
		{6A6DC25F-EA0C-4C5F-A729-F33EA7F225CD}.Debug|Any CPU.Build.0 = Debug|Any CPU
		{6A6DC25F-EA0C-4C5F-A729-F33EA7F225CD}.Release|Any CPU.ActiveCfg = Release|Any CPU
		{6A6DC25F-EA0C-4C5F-A729-F33EA7F225CD}.Release|Any CPU.Build.0 = Release|Any CPU
	EndGlobalSection
	GlobalSection(SolutionProperties) = preSolution
		HideSolutionNode = FALSE
	EndGlobalSection
	GlobalSection(ExtensibilityGlobals) = postSolution
		SolutionGuid = {544F8CCB-9F75-4479-ACC9-C8A52CB59A79}
	EndGlobalSection
EndGlobal
