
Microsoft Visual Studio Solution File, Format Version 12.00
# Visual Studio Version 17
VisualStudioVersion = 17.5.33530.505
MinimumVisualStudioVersion = 10.0.40219.1
Project("{FAE04EC0-301F-11D3-BF4B-00C04F79EFBC}") = "ConsoleApp1", "ConsoleApp1.csproj", "{4FF4B730-D4EA-451F-8914-C06D4E840B90}"
EndProject
Global
	GlobalSection(SolutionConfigurationPlatforms) = preSolution
		Debug|Any CPU = Debug|Any CPU
		Release|Any CPU = Release|Any CPU
	EndGlobalSection
	GlobalSection(ProjectConfigurationPlatforms) = postSolution
		{4FF4B730-D4EA-451F-8914-C06D4E840B90}.Debug|Any CPU.ActiveCfg = Debug|Any CPU
		{4FF4B730-D4EA-451F-8914-C06D4E840B90}.Debug|Any CPU.Build.0 = Debug|Any CPU
		{4FF4B730-D4EA-451F-8914-C06D4E840B90}.Release|Any CPU.ActiveCfg = Release|Any CPU
		{4FF4B730-D4EA-451F-8914-C06D4E840B90}.Release|Any CPU.Build.0 = Release|Any CPU
	EndGlobalSection
	GlobalSection(SolutionProperties) = preSolution
		HideSolutionNode = FALSE
	EndGlobalSection
	GlobalSection(ExtensibilityGlobals) = postSolution
		SolutionGuid = {844AA8C4-84A0-46C2-B627-80A4A0157190}
	EndGlobalSection
EndGlobal
