
Microsoft Visual Studio Solution File, Format Version 12.00
# Visual Studio Version 17
VisualStudioVersion = 17.5.33502.453
MinimumVisualStudioVersion = 10.0.40219.1
Project("{FAE04EC0-301F-11D3-BF4B-00C04F79EFBC}") = "ConsoleApp1", "ConsoleApp1.csproj", "{7AA2F792-58E8-4554-BC0D-3BA4ECDCC3DB}"
EndProject
Global
	GlobalSection(SolutionConfigurationPlatforms) = preSolution
		Debug|Any CPU = Debug|Any CPU
		Release|Any CPU = Release|Any CPU
	EndGlobalSection
	GlobalSection(ProjectConfigurationPlatforms) = postSolution
		{7AA2F792-58E8-4554-BC0D-3BA4ECDCC3DB}.Debug|Any CPU.ActiveCfg = Debug|Any CPU
		{7AA2F792-58E8-4554-BC0D-3BA4ECDCC3DB}.Debug|Any CPU.Build.0 = Debug|Any CPU
		{7AA2F792-58E8-4554-BC0D-3BA4ECDCC3DB}.Release|Any CPU.ActiveCfg = Release|Any CPU
		{7AA2F792-58E8-4554-BC0D-3BA4ECDCC3DB}.Release|Any CPU.Build.0 = Release|Any CPU
	EndGlobalSection
	GlobalSection(SolutionProperties) = preSolution
		HideSolutionNode = FALSE
	EndGlobalSection
	GlobalSection(ExtensibilityGlobals) = postSolution
		SolutionGuid = {12AA3417-4E9C-4A1B-9D3A-2FD8A9C92C85}
	EndGlobalSection
EndGlobal
