
Microsoft Visual Studio Solution File, Format Version 12.00
# Visual Studio Version 17
VisualStudioVersion = 17.6.33829.357
MinimumVisualStudioVersion = 10.0.40219.1
Project("{FAE04EC0-301F-11D3-BF4B-00C04F79EFBC}") = "ConsoleApp1", "ConsoleApp1\ConsoleApp1.csproj", "{E3BE21D8-1323-48E7-BA89-DE37D26D35B0}"
EndProject
Global
	GlobalSection(SolutionConfigurationPlatforms) = preSolution
		Debug|Any CPU = Debug|Any CPU
		Release|Any CPU = Release|Any CPU
	EndGlobalSection
	GlobalSection(ProjectConfigurationPlatforms) = postSolution
		{E3BE21D8-1323-48E7-BA89-DE37D26D35B0}.Debug|Any CPU.ActiveCfg = Debug|Any CPU
		{E3BE21D8-1323-48E7-BA89-DE37D26D35B0}.Debug|Any CPU.Build.0 = Debug|Any CPU
		{E3BE21D8-1323-48E7-BA89-DE37D26D35B0}.Release|Any CPU.ActiveCfg = Release|Any CPU
		{E3BE21D8-1323-48E7-BA89-DE37D26D35B0}.Release|Any CPU.Build.0 = Release|Any CPU
	EndGlobalSection
	GlobalSection(SolutionProperties) = preSolution
		HideSolutionNode = FALSE
	EndGlobalSection
	GlobalSection(ExtensibilityGlobals) = postSolution
		SolutionGuid = {9439A4C5-0F69-4093-9C32-60B9F2DE008C}
	EndGlobalSection
EndGlobal
