
Microsoft Visual Studio Solution File, Format Version 12.00
# Visual Studio Version 17
VisualStudioVersion = 17.5.33530.505
MinimumVisualStudioVersion = 10.0.40219.1
Project("{FAE04EC0-301F-11D3-BF4B-00C04F79EFBC}") = "ConsoleApp1", "ConsoleApp1.csproj", "{99C6999E-6B44-493C-9C21-103A0C6D8041}"
EndProject
Global
	GlobalSection(SolutionConfigurationPlatforms) = preSolution
		Debug|Any CPU = Debug|Any CPU
		Release|Any CPU = Release|Any CPU
	EndGlobalSection
	GlobalSection(ProjectConfigurationPlatforms) = postSolution
		{99C6999E-6B44-493C-9C21-103A0C6D8041}.Debug|Any CPU.ActiveCfg = Debug|Any CPU
		{99C6999E-6B44-493C-9C21-103A0C6D8041}.Debug|Any CPU.Build.0 = Debug|Any CPU
		{99C6999E-6B44-493C-9C21-103A0C6D8041}.Release|Any CPU.ActiveCfg = Release|Any CPU
		{99C6999E-6B44-493C-9C21-103A0C6D8041}.Release|Any CPU.Build.0 = Release|Any CPU
	EndGlobalSection
	GlobalSection(SolutionProperties) = preSolution
		HideSolutionNode = FALSE
	EndGlobalSection
	GlobalSection(ExtensibilityGlobals) = postSolution
		SolutionGuid = {44D8AC62-7910-4E05-B2DD-2A73B8C6EE89}
	EndGlobalSection
EndGlobal
