
Microsoft Visual Studio Solution File, Format Version 12.00
# Visual Studio Version 17
VisualStudioVersion = 17.5.33530.505
MinimumVisualStudioVersion = 10.0.40219.1
Project("{FAE04EC0-301F-11D3-BF4B-00C04F79EFBC}") = "ConsoleApp1", "ConsoleApp1.csproj", "{5BB764B8-3E8B-4C4C-A27D-7A71B828CB59}"
EndProject
Global
	GlobalSection(SolutionConfigurationPlatforms) = preSolution
		Debug|Any CPU = Debug|Any CPU
		Release|Any CPU = Release|Any CPU
	EndGlobalSection
	GlobalSection(ProjectConfigurationPlatforms) = postSolution
		{5BB764B8-3E8B-4C4C-A27D-7A71B828CB59}.Debug|Any CPU.ActiveCfg = Debug|Any CPU
		{5BB764B8-3E8B-4C4C-A27D-7A71B828CB59}.Debug|Any CPU.Build.0 = Debug|Any CPU
		{5BB764B8-3E8B-4C4C-A27D-7A71B828CB59}.Release|Any CPU.ActiveCfg = Release|Any CPU
		{5BB764B8-3E8B-4C4C-A27D-7A71B828CB59}.Release|Any CPU.Build.0 = Release|Any CPU
	EndGlobalSection
	GlobalSection(SolutionProperties) = preSolution
		HideSolutionNode = FALSE
	EndGlobalSection
	GlobalSection(ExtensibilityGlobals) = postSolution
		SolutionGuid = {E22C2CB2-1487-4F89-A7E3-AEDAA9DE0ABE}
	EndGlobalSection
EndGlobal
