
Microsoft Visual Studio Solution File, Format Version 12.00
# Visual Studio Version 17
VisualStudioVersion = 17.6.33927.249
MinimumVisualStudioVersion = 10.0.40219.1
Project("{FAE04EC0-301F-11D3-BF4B-00C04F79EFBC}") = "ConsoleApp1", "ConsoleApp1\ConsoleApp1.csproj", "{20DA5E5D-45C7-41A1-93FA-E371AA87F445}"
EndProject
Global
	GlobalSection(SolutionConfigurationPlatforms) = preSolution
		Debug|Any CPU = Debug|Any CPU
		Release|Any CPU = Release|Any CPU
	EndGlobalSection
	GlobalSection(ProjectConfigurationPlatforms) = postSolution
		{20DA5E5D-45C7-41A1-93FA-E371AA87F445}.Debug|Any CPU.ActiveCfg = Debug|Any CPU
		{20DA5E5D-45C7-41A1-93FA-E371AA87F445}.Debug|Any CPU.Build.0 = Debug|Any CPU
		{20DA5E5D-45C7-41A1-93FA-E371AA87F445}.Release|Any CPU.ActiveCfg = Release|Any CPU
		{20DA5E5D-45C7-41A1-93FA-E371AA87F445}.Release|Any CPU.Build.0 = Release|Any CPU
	EndGlobalSection
	GlobalSection(SolutionProperties) = preSolution
		HideSolutionNode = FALSE
	EndGlobalSection
	GlobalSection(ExtensibilityGlobals) = postSolution
		SolutionGuid = {6C8CBD1C-9AF3-4618-BA97-E7BF56A6F339}
	EndGlobalSection
EndGlobal
