
Microsoft Visual Studio Solution File, Format Version 12.00
# Visual Studio Version 17
VisualStudioVersion = 17.5.33502.453
MinimumVisualStudioVersion = 10.0.40219.1
Project("{FAE04EC0-301F-11D3-BF4B-00C04F79EFBC}") = "ConsoleApp1", "ConsoleApp1.csproj", "{1F5B98D0-E8A0-4E86-A3C2-4B0A22BE673E}"
EndProject
Global
	GlobalSection(SolutionConfigurationPlatforms) = preSolution
		Debug|Any CPU = Debug|Any CPU
		Release|Any CPU = Release|Any CPU
	EndGlobalSection
	GlobalSection(ProjectConfigurationPlatforms) = postSolution
		{1F5B98D0-E8A0-4E86-A3C2-4B0A22BE673E}.Debug|Any CPU.ActiveCfg = Debug|Any CPU
		{1F5B98D0-E8A0-4E86-A3C2-4B0A22BE673E}.Debug|Any CPU.Build.0 = Debug|Any CPU
		{1F5B98D0-E8A0-4E86-A3C2-4B0A22BE673E}.Release|Any CPU.ActiveCfg = Release|Any CPU
		{1F5B98D0-E8A0-4E86-A3C2-4B0A22BE673E}.Release|Any CPU.Build.0 = Release|Any CPU
	EndGlobalSection
	GlobalSection(SolutionProperties) = preSolution
		HideSolutionNode = FALSE
	EndGlobalSection
	GlobalSection(ExtensibilityGlobals) = postSolution
		SolutionGuid = {D166F056-D980-49B5-9134-03067D8D4F70}
	EndGlobalSection
EndGlobal
