
Microsoft Visual Studio Solution File, Format Version 12.00
# Visual Studio Version 17
VisualStudioVersion = 17.5.33530.505
MinimumVisualStudioVersion = 10.0.40219.1
Project("{FAE04EC0-301F-11D3-BF4B-00C04F79EFBC}") = "ConsoleApp1", "ConsoleApp1.csproj", "{E9F2084A-FC30-4122-BAD4-0823106C96EF}"
EndProject
Global
	GlobalSection(SolutionConfigurationPlatforms) = preSolution
		Debug|Any CPU = Debug|Any CPU
		Release|Any CPU = Release|Any CPU
	EndGlobalSection
	GlobalSection(ProjectConfigurationPlatforms) = postSolution
		{E9F2084A-FC30-4122-BAD4-0823106C96EF}.Debug|Any CPU.ActiveCfg = Debug|Any CPU
		{E9F2084A-FC30-4122-BAD4-0823106C96EF}.Debug|Any CPU.Build.0 = Debug|Any CPU
		{E9F2084A-FC30-4122-BAD4-0823106C96EF}.Release|Any CPU.ActiveCfg = Release|Any CPU
		{E9F2084A-FC30-4122-BAD4-0823106C96EF}.Release|Any CPU.Build.0 = Release|Any CPU
	EndGlobalSection
	GlobalSection(SolutionProperties) = preSolution
		HideSolutionNode = FALSE
	EndGlobalSection
	GlobalSection(ExtensibilityGlobals) = postSolution
		SolutionGuid = {6D2E618B-364B-4F65-892C-EAE45301C034}
	EndGlobalSection
EndGlobal
