
Microsoft Visual Studio Solution File, Format Version 12.00
# Visual Studio Version 17
VisualStudioVersion = 17.4.33213.308
MinimumVisualStudioVersion = 10.0.40219.1
Project("{FAE04EC0-301F-11D3-BF4B-00C04F79EFBC}") = "ConsoleApp1", "ConsoleApp1.csproj", "{C1A1CC07-BE79-4AC7-9418-AF1F2BD98F69}"
EndProject
Global
	GlobalSection(SolutionConfigurationPlatforms) = preSolution
		Debug|Any CPU = Debug|Any CPU
		Release|Any CPU = Release|Any CPU
	EndGlobalSection
	GlobalSection(ProjectConfigurationPlatforms) = postSolution
		{C1A1CC07-BE79-4AC7-9418-AF1F2BD98F69}.Debug|Any CPU.ActiveCfg = Debug|Any CPU
		{C1A1CC07-BE79-4AC7-9418-AF1F2BD98F69}.Debug|Any CPU.Build.0 = Debug|Any CPU
		{C1A1CC07-BE79-4AC7-9418-AF1F2BD98F69}.Release|Any CPU.ActiveCfg = Release|Any CPU
		{C1A1CC07-BE79-4AC7-9418-AF1F2BD98F69}.Release|Any CPU.Build.0 = Release|Any CPU
	EndGlobalSection
	GlobalSection(SolutionProperties) = preSolution
		HideSolutionNode = FALSE
	EndGlobalSection
	GlobalSection(ExtensibilityGlobals) = postSolution
		SolutionGuid = {58A238A4-C8C4-4CAA-BB68-6517D9318602}
	EndGlobalSection
EndGlobal
