
Microsoft Visual Studio Solution File, Format Version 12.00
# Visual Studio Version 17
VisualStudioVersion = 17.5.33530.505
MinimumVisualStudioVersion = 10.0.40219.1
Project("{FAE04EC0-301F-11D3-BF4B-00C04F79EFBC}") = "ConsoleApp1", "ConsoleApp1.csproj", "{3EA424CF-90E4-4F2C-92E7-7579B82B36AF}"
EndProject
Global
	GlobalSection(SolutionConfigurationPlatforms) = preSolution
		Debug|Any CPU = Debug|Any CPU
		Release|Any CPU = Release|Any CPU
	EndGlobalSection
	GlobalSection(ProjectConfigurationPlatforms) = postSolution
		{3EA424CF-90E4-4F2C-92E7-7579B82B36AF}.Debug|Any CPU.ActiveCfg = Debug|Any CPU
		{3EA424CF-90E4-4F2C-92E7-7579B82B36AF}.Debug|Any CPU.Build.0 = Debug|Any CPU
		{3EA424CF-90E4-4F2C-92E7-7579B82B36AF}.Release|Any CPU.ActiveCfg = Release|Any CPU
		{3EA424CF-90E4-4F2C-92E7-7579B82B36AF}.Release|Any CPU.Build.0 = Release|Any CPU
	EndGlobalSection
	GlobalSection(SolutionProperties) = preSolution
		HideSolutionNode = FALSE
	EndGlobalSection
	GlobalSection(ExtensibilityGlobals) = postSolution
		SolutionGuid = {55128456-87CC-47C3-9E24-4CC9C54CCECD}
	EndGlobalSection
EndGlobal
