
Microsoft Visual Studio Solution File, Format Version 12.00
# Visual Studio Version 17
VisualStudioVersion = 17.5.33502.453
MinimumVisualStudioVersion = 10.0.40219.1
Project("{FAE04EC0-301F-11D3-BF4B-00C04F79EFBC}") = "ConsoleApp1", "ConsoleApp1.csproj", "{197C05D1-36AD-4CEE-A199-3E775ED9073D}"
EndProject
Global
	GlobalSection(SolutionConfigurationPlatforms) = preSolution
		Debug|Any CPU = Debug|Any CPU
		Release|Any CPU = Release|Any CPU
	EndGlobalSection
	GlobalSection(ProjectConfigurationPlatforms) = postSolution
		{197C05D1-36AD-4CEE-A199-3E775ED9073D}.Debug|Any CPU.ActiveCfg = Debug|Any CPU
		{197C05D1-36AD-4CEE-A199-3E775ED9073D}.Debug|Any CPU.Build.0 = Debug|Any CPU
		{197C05D1-36AD-4CEE-A199-3E775ED9073D}.Release|Any CPU.ActiveCfg = Release|Any CPU
		{197C05D1-36AD-4CEE-A199-3E775ED9073D}.Release|Any CPU.Build.0 = Release|Any CPU
	EndGlobalSection
	GlobalSection(SolutionProperties) = preSolution
		HideSolutionNode = FALSE
	EndGlobalSection
	GlobalSection(ExtensibilityGlobals) = postSolution
		SolutionGuid = {152651A7-04A9-4B4D-94FD-EB282BED9C16}
	EndGlobalSection
EndGlobal
