
Microsoft Visual Studio Solution File, Format Version 12.00
# Visual Studio Version 17
VisualStudioVersion = 17.6.33815.320
MinimumVisualStudioVersion = 10.0.40219.1
Project("{FAE04EC0-301F-11D3-BF4B-00C04F79EFBC}") = "ConsoleApp1", "ConsoleApp1.csproj", "{72060535-9C0F-4EDB-8667-7F257C71F22D}"
EndProject
Global
	GlobalSection(SolutionConfigurationPlatforms) = preSolution
		Debug|Any CPU = Debug|Any CPU
		Release|Any CPU = Release|Any CPU
	EndGlobalSection
	GlobalSection(ProjectConfigurationPlatforms) = postSolution
		{72060535-9C0F-4EDB-8667-7F257C71F22D}.Debug|Any CPU.ActiveCfg = Debug|Any CPU
		{72060535-9C0F-4EDB-8667-7F257C71F22D}.Debug|Any CPU.Build.0 = Debug|Any CPU
		{72060535-9C0F-4EDB-8667-7F257C71F22D}.Release|Any CPU.ActiveCfg = Release|Any CPU
		{72060535-9C0F-4EDB-8667-7F257C71F22D}.Release|Any CPU.Build.0 = Release|Any CPU
	EndGlobalSection
	GlobalSection(SolutionProperties) = preSolution
		HideSolutionNode = FALSE
	EndGlobalSection
	GlobalSection(ExtensibilityGlobals) = postSolution
		SolutionGuid = {1B62950D-F7DF-4C8D-BC91-D311BBE885B7}
	EndGlobalSection
EndGlobal
