
Microsoft Visual Studio Solution File, Format Version 12.00
# Visual Studio Version 17
VisualStudioVersion = 17.4.33213.308
MinimumVisualStudioVersion = 10.0.40219.1
Project("{FAE04EC0-301F-11D3-BF4B-00C04F79EFBC}") = "ConsoleApp1", "ConsoleApp1.csproj", "{9DE6D534-0C04-4733-BD53-6B02A885FA91}"
EndProject
Global
	GlobalSection(SolutionConfigurationPlatforms) = preSolution
		Debug|Any CPU = Debug|Any CPU
		Release|Any CPU = Release|Any CPU
	EndGlobalSection
	GlobalSection(ProjectConfigurationPlatforms) = postSolution
		{9DE6D534-0C04-4733-BD53-6B02A885FA91}.Debug|Any CPU.ActiveCfg = Debug|Any CPU
		{9DE6D534-0C04-4733-BD53-6B02A885FA91}.Debug|Any CPU.Build.0 = Debug|Any CPU
		{9DE6D534-0C04-4733-BD53-6B02A885FA91}.Release|Any CPU.ActiveCfg = Release|Any CPU
		{9DE6D534-0C04-4733-BD53-6B02A885FA91}.Release|Any CPU.Build.0 = Release|Any CPU
	EndGlobalSection
	GlobalSection(SolutionProperties) = preSolution
		HideSolutionNode = FALSE
	EndGlobalSection
	GlobalSection(ExtensibilityGlobals) = postSolution
		SolutionGuid = {8D872518-368B-4178-9BF4-487771328D75}
	EndGlobalSection
EndGlobal
